
Microsoft Visual Studio Solution File, Format Version 12.00
# Visual Studio Version 16
VisualStudioVersion = 16.0.30907.101
MinimumVisualStudioVersion = 10.0.40219.1
Project("{FAE04EC0-301F-11D3-BF4B-00C04F79EFBC}") = "Database WPF", "Database WPF\Database WPF.csproj", "{3EB7B5B2-A617-40B0-836F-406B25A6F44C}"
EndProject
Global
	GlobalSection(SolutionConfigurationPlatforms) = preSolution
		Debug|Any CPU = Debug|Any CPU
		Release|Any CPU = Release|Any CPU
	EndGlobalSection
	GlobalSection(ProjectConfigurationPlatforms) = postSolution
		{3EB7B5B2-A617-40B0-836F-406B25A6F44C}.Debug|Any CPU.ActiveCfg = Debug|Any CPU
		{3EB7B5B2-A617-40B0-836F-406B25A6F44C}.Debug|Any CPU.Build.0 = Debug|Any CPU
		{3EB7B5B2-A617-40B0-836F-406B25A6F44C}.Release|Any CPU.ActiveCfg = Release|Any CPU
		{3EB7B5B2-A617-40B0-836F-406B25A6F44C}.Release|Any CPU.Build.0 = Release|Any CPU
	EndGlobalSection
	GlobalSection(SolutionProperties) = preSolution
		HideSolutionNode = FALSE
	EndGlobalSection
	GlobalSection(ExtensibilityGlobals) = postSolution
		SolutionGuid = {7FBC13E3-7C9D-489D-BE4E-DA14D667ED44}
	EndGlobalSection
EndGlobal
